{
  "pins" : [
    {
      "identity" : "guunits",
      "kind" : "remoteSourceControl",
      "location" : "git@github.com:mipalgu/GUUnits",
      "state" : {
        "revision" : "536174de0e80dd0e46788490d3a5f42d8e14bac3",
        "version" : "2.1.0"
      }
    },
    {
      "identity" : "swift-docc-plugin",
      "kind" : "remoteSourceControl",
      "location" : "https://github.com/apple/swift-docc-plugin",
      "state" : {
        "revision" : "10bc670db657d11bdd561e07de30a9041311b2b1",
        "version" : "1.1.0"
      }
    },
    {
      "identity" : "swift-docc-symbolkit",
      "kind" : "remoteSourceControl",
      "location" : "https://github.com/apple/swift-docc-symbolkit",
      "state" : {
        "revision" : "b45d1f2ed151d057b54504d653e0da5552844e34",
        "version" : "1.0.0"
      }
    },
    {
      "identity" : "swift_helpers",
      "kind" : "remoteSourceControl",
      "location" : "git@github.com:mipalgu/swift_helpers",
      "state" : {
        "revision" : "e9a24071afbb43cf8ebd7c920ae108116d6685c5",
        "version" : "2.0.0"
      }
    },
    {
      "identity" : "vhdlparsing",
      "kind" : "remoteSourceControl",
      "location" : "git@github.com:mipalgu/VHDLParsing",
      "state" : {
        "revision" : "8a3af2ce93ecf41ea64f86807aceee809257361a",
        "version" : "1.0.1"
      }
    }
  ],
  "version" : 2
}
