{
  "pins" : [
    {
      "identity" : "guunits",
      "kind" : "remoteSourceControl",
      "location" : "https://github.com/mipalgu/GUUnits",
      "state" : {
        "revision" : "536174de0e80dd0e46788490d3a5f42d8e14bac3",
        "version" : "2.1.0"
      }
    },
    {
      "identity" : "llfsmmodel",
      "kind" : "remoteSourceControl",
      "location" : "https://github.com/mipalgu/LLFSMModel",
      "state" : {
        "revision" : "b022157b828b85b7464897463474b4ee0d738015",
        "version" : "1.0.0"
      }
    },
    {
      "identity" : "swift-docc-plugin",
      "kind" : "remoteSourceControl",
      "location" : "https://github.com/apple/swift-docc-plugin",
      "state" : {
        "revision" : "26ac5758409154cc448d7ab82389c520fa8a8247",
        "version" : "1.3.0"
      }
    },
    {
      "identity" : "swift-docc-symbolkit",
      "kind" : "remoteSourceControl",
      "location" : "https://github.com/apple/swift-docc-symbolkit",
      "state" : {
        "revision" : "b45d1f2ed151d057b54504d653e0da5552844e34",
        "version" : "1.0.0"
      }
    },
    {
      "identity" : "swift_helpers",
      "kind" : "remoteSourceControl",
      "location" : "https://github.com/mipalgu/swift_helpers",
      "state" : {
        "revision" : "08ea0c8be6bbaa506591fc1630602b8df199e165",
        "version" : "2.0.1"
      }
    },
    {
      "identity" : "swiftutils",
      "kind" : "remoteSourceControl",
      "location" : "https://github.com/cpslabgu/SwiftUtils",
      "state" : {
        "revision" : "1be53114f5f9c6903304d6fb7831912e2a000af1",
        "version" : "0.1.0"
      }
    },
    {
      "identity" : "vhdlparsing",
      "kind" : "remoteSourceControl",
      "location" : "https://github.com/mipalgu/VHDLParsing",
      "state" : {
        "revision" : "4223b7cc288014c332d0ca5cd9178c76839c852c",
        "version" : "2.4.0"
      }
    }
  ],
  "version" : 2
}
